
Microsoft Visual Studio Solution File, Format Version 12.00
# Visual Studio 15
VisualStudioVersion = 15.0.27703.2035
MinimumVisualStudioVersion = 10.0.40219.1
Project("{9092AA53-FB77-4645-B42D-1CCCA6BD08BD}") = "scratch-compiler", "scratch-compiler\scratch-compiler.njsproj", "{6C1FB6AB-2952-494F-B512-39B1D0EC6400}"
EndProject
Global
	GlobalSection(SolutionConfigurationPlatforms) = preSolution
		Debug|Any CPU = Debug|Any CPU
		Release|Any CPU = Release|Any CPU
	EndGlobalSection
	GlobalSection(ProjectConfigurationPlatforms) = postSolution
		{6C1FB6AB-2952-494F-B512-39B1D0EC6400}.Debug|Any CPU.ActiveCfg = Debug|Any CPU
		{6C1FB6AB-2952-494F-B512-39B1D0EC6400}.Debug|Any CPU.Build.0 = Debug|Any CPU
		{6C1FB6AB-2952-494F-B512-39B1D0EC6400}.Release|Any CPU.ActiveCfg = Release|Any CPU
		{6C1FB6AB-2952-494F-B512-39B1D0EC6400}.Release|Any CPU.Build.0 = Release|Any CPU
	EndGlobalSection
	GlobalSection(SolutionProperties) = preSolution
		HideSolutionNode = FALSE
	EndGlobalSection
	GlobalSection(ExtensibilityGlobals) = postSolution
		SolutionGuid = {44B9DAF5-C33B-476A-8885-682B2346FB44}
	EndGlobalSection
EndGlobal
